
Microsoft Visual Studio Solution File, Format Version 12.00
# Visual Studio Version 16
VisualStudioVersion = 16.0.30225.117
MinimumVisualStudioVersion = 10.0.40219.1
Project("{FAE04EC0-301F-11D3-BF4B-00C04F79EFBC}") = "XAutomateMVC", "XAutomateMVC\XAutomateMVC.csproj", "{7E2B8CEC-2BCC-4719-AC32-88B31190FF2D}"
EndProject
Global
	GlobalSection(SolutionConfigurationPlatforms) = preSolution
		Debug|Any CPU = Debug|Any CPU
		Release|Any CPU = Release|Any CPU
	EndGlobalSection
	GlobalSection(ProjectConfigurationPlatforms) = postSolution
		{7E2B8CEC-2BCC-4719-AC32-88B31190FF2D}.Debug|Any CPU.ActiveCfg = Debug|Any CPU
		{7E2B8CEC-2BCC-4719-AC32-88B31190FF2D}.Debug|Any CPU.Build.0 = Debug|Any CPU
		{7E2B8CEC-2BCC-4719-AC32-88B31190FF2D}.Release|Any CPU.ActiveCfg = Release|Any CPU
		{7E2B8CEC-2BCC-4719-AC32-88B31190FF2D}.Release|Any CPU.Build.0 = Release|Any CPU
	EndGlobalSection
	GlobalSection(SolutionProperties) = preSolution
		HideSolutionNode = FALSE
	EndGlobalSection
	GlobalSection(ExtensibilityGlobals) = postSolution
		SolutionGuid = {23C0930F-1EC4-41B1-831D-931E4134934D}
	EndGlobalSection
EndGlobal
